
Microsoft Visual Studio Solution File, Format Version 12.00
# Visual Studio Version 17
VisualStudioVersion = 17.10.35013.160
MinimumVisualStudioVersion = 10.0.40219.1
Project("{FAE04EC0-301F-11D3-BF4B-00C04F79EFBC}") = "ReactApp1.Server", "ReactApp1.Server\ReactApp1.Server.csproj", "{977A0597-2DD3-4007-8F34-6D449527382C}"
EndProject
Project("{54A90642-561A-4BB1-A94E-469ADEE60C69}") = "reactapp1.client", "reactapp1.client\reactapp1.client.esproj", "{65DD0596-F089-4608-A401-6B24CD2E3C2A}"
EndProject
Global
	GlobalSection(SolutionConfigurationPlatforms) = preSolution
		Debug|Any CPU = Debug|Any CPU
		Release|Any CPU = Release|Any CPU
	EndGlobalSection
	GlobalSection(ProjectConfigurationPlatforms) = postSolution
		{977A0597-2DD3-4007-8F34-6D449527382C}.Debug|Any CPU.ActiveCfg = Debug|Any CPU
		{977A0597-2DD3-4007-8F34-6D449527382C}.Debug|Any CPU.Build.0 = Debug|Any CPU
		{977A0597-2DD3-4007-8F34-6D449527382C}.Release|Any CPU.ActiveCfg = Release|Any CPU
		{977A0597-2DD3-4007-8F34-6D449527382C}.Release|Any CPU.Build.0 = Release|Any CPU
		{65DD0596-F089-4608-A401-6B24CD2E3C2A}.Debug|Any CPU.ActiveCfg = Debug|Any CPU
		{65DD0596-F089-4608-A401-6B24CD2E3C2A}.Debug|Any CPU.Build.0 = Debug|Any CPU
		{65DD0596-F089-4608-A401-6B24CD2E3C2A}.Debug|Any CPU.Deploy.0 = Debug|Any CPU
		{65DD0596-F089-4608-A401-6B24CD2E3C2A}.Release|Any CPU.ActiveCfg = Release|Any CPU
		{65DD0596-F089-4608-A401-6B24CD2E3C2A}.Release|Any CPU.Build.0 = Release|Any CPU
		{65DD0596-F089-4608-A401-6B24CD2E3C2A}.Release|Any CPU.Deploy.0 = Release|Any CPU
	EndGlobalSection
	GlobalSection(SolutionProperties) = preSolution
		HideSolutionNode = FALSE
	EndGlobalSection
	GlobalSection(ExtensibilityGlobals) = postSolution
		SolutionGuid = {5FF4F025-98D5-4F10-B6A1-32AEC74708BB}
	EndGlobalSection
EndGlobal
